
Microsoft Visual Studio Solution File, Format Version 12.00
# Visual Studio Version 17
VisualStudioVersion = 17.2.32616.157
MinimumVisualStudioVersion = 10.0.40219.1
Project("{8BC9CEB8-8B4A-11D0-8D11-00A0C91BC942}") = "libfcache", "libfcache\libfcache.vcxproj", "{3D19EAAD-9195-468B-BC5B-D147A89CA4F5}"
EndProject
Project("{8BC9CEB8-8B4A-11D0-8D11-00A0C91BC942}") = "libqcow", "libqcow\libqcow.vcxproj", "{9BB5C79B-C1EF-438C-ABA0-226EECBD8526}"
EndProject
Project("{8BC9CEB8-8B4A-11D0-8D11-00A0C91BC942}") = "qcow_test_cluster_block", "qcow_test_cluster_block\qcow_test_cluster_block.vcxproj", "{5FBCFA88-121B-4704-A268-99336713E3C9}"
EndProject
Project("{8BC9CEB8-8B4A-11D0-8D11-00A0C91BC942}") = "qcow_test_cluster_table", "qcow_test_cluster_table\qcow_test_cluster_table.vcxproj", "{F9AD391F-BCE6-4420-86EA-A9B73331C0CB}"
EndProject
Project("{8BC9CEB8-8B4A-11D0-8D11-00A0C91BC942}") = "qcow_test_deflate", "qcow_test_deflate\qcow_test_deflate.vcxproj", "{CA6FFEC8-FBDF-4C24-85F6-86A1638C0ACD}"
EndProject
Project("{8BC9CEB8-8B4A-11D0-8D11-00A0C91BC942}") = "qcow_test_error", "qcow_test_error\qcow_test_error.vcxproj", "{D3AB031E-167D-4F14-8ACD-3BE3B4B91C73}"
EndProject
Project("{8BC9CEB8-8B4A-11D0-8D11-00A0C91BC942}") = "qcow_test_file", "qcow_test_file\qcow_test_file.vcxproj", "{F55714ED-6A5F-4137-9E5A-12C3221A2F74}"
EndProject
Project("{8BC9CEB8-8B4A-11D0-8D11-00A0C91BC942}") = "qcow_test_file_header", "qcow_test_file_header\qcow_test_file_header.vcxproj", "{C1005FC2-94DD-46B3-9ACD-C9953F6DED4E}"
EndProject
Project("{8BC9CEB8-8B4A-11D0-8D11-00A0C91BC942}") = "qcow_test_io_handle", "qcow_test_io_handle\qcow_test_io_handle.vcxproj", "{73281DEE-9D05-47E0-BE87-FCE48A1232DB}"
EndProject
Project("{8BC9CEB8-8B4A-11D0-8D11-00A0C91BC942}") = "qcow_test_notify", "qcow_test_notify\qcow_test_notify.vcxproj", "{3D64F9BF-4537-4E16-814A-8300E6772297}"
EndProject
Project("{8BC9CEB8-8B4A-11D0-8D11-00A0C91BC942}") = "qcow_test_support", "qcow_test_support\qcow_test_support.vcxproj", "{BCCF5091-04EB-42C6-89AF-5093A5840CE4}"
EndProject
Project("{8BC9CEB8-8B4A-11D0-8D11-00A0C91BC942}") = "qcow_test_tools_info_handle", "qcow_test_tools_info_handle\qcow_test_tools_info_handle.vcxproj", "{3EB0A8DE-35FF-4C97-A8E8-495ABA8EC3C7}"
EndProject
Project("{8BC9CEB8-8B4A-11D0-8D11-00A0C91BC942}") = "qcow_test_tools_output", "qcow_test_tools_output\qcow_test_tools_output.vcxproj", "{282F5071-5136-4E9E-81AD-7035FBD8F857}"
EndProject
Project("{8BC9CEB8-8B4A-11D0-8D11-00A0C91BC942}") = "qcow_test_tools_signal", "qcow_test_tools_signal\qcow_test_tools_signal.vcxproj", "{45BB17E5-5FF2-445C-AB7C-40AB24C76955}"
EndProject
Project("{8BC9CEB8-8B4A-11D0-8D11-00A0C91BC942}") = "libclocale", "libclocale\libclocale.vcxproj", "{CEDF8919-00B2-4D8A-88CC-84ADB2D2FF89}"
EndProject
Project("{8BC9CEB8-8B4A-11D0-8D11-00A0C91BC942}") = "libbfio", "libbfio\libbfio.vcxproj", "{41CFAFBF-A1C8-4704-AFEF-31979E6452B9}"
EndProject
Project("{8BC9CEB8-8B4A-11D0-8D11-00A0C91BC942}") = "qcowinfo", "qcowinfo\qcowinfo.vcxproj", "{A7545354-5D50-49F6-A3D0-1F97F6228955}"
EndProject
Project("{8BC9CEB8-8B4A-11D0-8D11-00A0C91BC942}") = "qcowmount", "qcowmount\qcowmount.vcxproj", "{91A40238-86E3-44BA-8CFE-8410F4EE492C}"
EndProject
Project("{8BC9CEB8-8B4A-11D0-8D11-00A0C91BC942}") = "libcaes", "libcaes\libcaes.vcxproj", "{E2E45353-D420-4921-A2CF-59D9047262F8}"
EndProject
Project("{8BC9CEB8-8B4A-11D0-8D11-00A0C91BC942}") = "libcfile", "libcfile\libcfile.vcxproj", "{4C93BDD3-1804-47F3-9B34-F2DE0CAE1AE0}"
EndProject
Project("{8BC9CEB8-8B4A-11D0-8D11-00A0C91BC942}") = "libcthreads", "libcthreads\libcthreads.vcxproj", "{8AFAA2C6-E025-4B45-B96F-A27D04C6115A}"
EndProject
Project("{8BC9CEB8-8B4A-11D0-8D11-00A0C91BC942}") = "libcpath", "libcpath\libcpath.vcxproj", "{3FFB9C05-1145-45A7-9ADE-5C8D70FBD7CA}"
EndProject
Project("{8BC9CEB8-8B4A-11D0-8D11-00A0C91BC942}") = "libuna", "libuna\libuna.vcxproj", "{BC27FF34-C859-4A1A-95D6-FC89952E1910}"
EndProject
Project("{8BC9CEB8-8B4A-11D0-8D11-00A0C91BC942}") = "pyqcow", "pyqcow\pyqcow.vcxproj", "{E221DB4C-B254-47CB-993D-DC7FED580DA1}"
EndProject
Project("{8BC9CEB8-8B4A-11D0-8D11-00A0C91BC942}") = "libcerror", "libcerror\libcerror.vcxproj", "{BD3A95FA-A3DE-4B79-A889-A7E5ECA4B69C}"
EndProject
Project("{8BC9CEB8-8B4A-11D0-8D11-00A0C91BC942}") = "libcnotify", "libcnotify\libcnotify.vcxproj", "{5304AD69-D449-4589-B2C9-E4607E56A51D}"
EndProject
Project("{8BC9CEB8-8B4A-11D0-8D11-00A0C91BC942}") = "libfdata", "libfdata\libfdata.vcxproj", "{F94DCC2D-2B49-453E-89B3-FD81992677D0}"
EndProject
Project("{8BC9CEB8-8B4A-11D0-8D11-00A0C91BC942}") = "libcdata", "libcdata\libcdata.vcxproj", "{B9332DC8-7594-47DF-80C1-38922E0F4DFB}"
EndProject
Project("{8BC9CEB8-8B4A-11D0-8D11-00A0C91BC942}") = "libcsplit", "libcsplit\libcsplit.vcxproj", "{B86FB73A-4ACC-42DE-9545-586D93955B06}"
EndProject
Project("{8BC9CEB8-8B4A-11D0-8D11-00A0C91BC942}") = "zlib", "zlib\zlib.vcxproj", "{C8B8ED4C-F4F8-4602-B7B8-62A1F1BF6772}"
EndProject
Global
	GlobalSection(SolutionConfigurationPlatforms) = preSolution
		Release|Win32 = Release|Win32
		VSDebug|Win32 = VSDebug|Win32
	EndGlobalSection
	GlobalSection(ProjectConfigurationPlatforms) = postSolution
		{3D19EAAD-9195-468B-BC5B-D147A89CA4F5}.Release|Win32.ActiveCfg = Release|Win32
		{3D19EAAD-9195-468B-BC5B-D147A89CA4F5}.Release|Win32.Build.0 = Release|Win32
		{3D19EAAD-9195-468B-BC5B-D147A89CA4F5}.VSDebug|Win32.ActiveCfg = VSDebug|Win32
		{3D19EAAD-9195-468B-BC5B-D147A89CA4F5}.VSDebug|Win32.Build.0 = VSDebug|Win32
		{9BB5C79B-C1EF-438C-ABA0-226EECBD8526}.Release|Win32.ActiveCfg = Release|Win32
		{9BB5C79B-C1EF-438C-ABA0-226EECBD8526}.Release|Win32.Build.0 = Release|Win32
		{9BB5C79B-C1EF-438C-ABA0-226EECBD8526}.VSDebug|Win32.ActiveCfg = VSDebug|Win32
		{9BB5C79B-C1EF-438C-ABA0-226EECBD8526}.VSDebug|Win32.Build.0 = VSDebug|Win32
		{5FBCFA88-121B-4704-A268-99336713E3C9}.Release|Win32.ActiveCfg = Release|Win32
		{5FBCFA88-121B-4704-A268-99336713E3C9}.Release|Win32.Build.0 = Release|Win32
		{5FBCFA88-121B-4704-A268-99336713E3C9}.VSDebug|Win32.ActiveCfg = VSDebug|Win32
		{5FBCFA88-121B-4704-A268-99336713E3C9}.VSDebug|Win32.Build.0 = VSDebug|Win32
		{F9AD391F-BCE6-4420-86EA-A9B73331C0CB}.Release|Win32.ActiveCfg = Release|Win32
		{F9AD391F-BCE6-4420-86EA-A9B73331C0CB}.Release|Win32.Build.0 = Release|Win32
		{F9AD391F-BCE6-4420-86EA-A9B73331C0CB}.VSDebug|Win32.ActiveCfg = VSDebug|Win32
		{F9AD391F-BCE6-4420-86EA-A9B73331C0CB}.VSDebug|Win32.Build.0 = VSDebug|Win32
		{CA6FFEC8-FBDF-4C24-85F6-86A1638C0ACD}.Release|Win32.ActiveCfg = Release|Win32
		{CA6FFEC8-FBDF-4C24-85F6-86A1638C0ACD}.Release|Win32.Build.0 = Release|Win32
		{CA6FFEC8-FBDF-4C24-85F6-86A1638C0ACD}.VSDebug|Win32.ActiveCfg = VSDebug|Win32
		{CA6FFEC8-FBDF-4C24-85F6-86A1638C0ACD}.VSDebug|Win32.Build.0 = VSDebug|Win32
		{D3AB031E-167D-4F14-8ACD-3BE3B4B91C73}.Release|Win32.ActiveCfg = Release|Win32
		{D3AB031E-167D-4F14-8ACD-3BE3B4B91C73}.Release|Win32.Build.0 = Release|Win32
		{D3AB031E-167D-4F14-8ACD-3BE3B4B91C73}.VSDebug|Win32.ActiveCfg = VSDebug|Win32
		{D3AB031E-167D-4F14-8ACD-3BE3B4B91C73}.VSDebug|Win32.Build.0 = VSDebug|Win32
		{F55714ED-6A5F-4137-9E5A-12C3221A2F74}.Release|Win32.ActiveCfg = Release|Win32
		{F55714ED-6A5F-4137-9E5A-12C3221A2F74}.Release|Win32.Build.0 = Release|Win32
		{F55714ED-6A5F-4137-9E5A-12C3221A2F74}.VSDebug|Win32.ActiveCfg = VSDebug|Win32
		{F55714ED-6A5F-4137-9E5A-12C3221A2F74}.VSDebug|Win32.Build.0 = VSDebug|Win32
		{C1005FC2-94DD-46B3-9ACD-C9953F6DED4E}.Release|Win32.ActiveCfg = Release|Win32
		{C1005FC2-94DD-46B3-9ACD-C9953F6DED4E}.Release|Win32.Build.0 = Release|Win32
		{C1005FC2-94DD-46B3-9ACD-C9953F6DED4E}.VSDebug|Win32.ActiveCfg = VSDebug|Win32
		{C1005FC2-94DD-46B3-9ACD-C9953F6DED4E}.VSDebug|Win32.Build.0 = VSDebug|Win32
		{73281DEE-9D05-47E0-BE87-FCE48A1232DB}.Release|Win32.ActiveCfg = Release|Win32
		{73281DEE-9D05-47E0-BE87-FCE48A1232DB}.Release|Win32.Build.0 = Release|Win32
		{73281DEE-9D05-47E0-BE87-FCE48A1232DB}.VSDebug|Win32.ActiveCfg = VSDebug|Win32
		{73281DEE-9D05-47E0-BE87-FCE48A1232DB}.VSDebug|Win32.Build.0 = VSDebug|Win32
		{3D64F9BF-4537-4E16-814A-8300E6772297}.Release|Win32.ActiveCfg = Release|Win32
		{3D64F9BF-4537-4E16-814A-8300E6772297}.Release|Win32.Build.0 = Release|Win32
		{3D64F9BF-4537-4E16-814A-8300E6772297}.VSDebug|Win32.ActiveCfg = VSDebug|Win32
		{3D64F9BF-4537-4E16-814A-8300E6772297}.VSDebug|Win32.Build.0 = VSDebug|Win32
		{BCCF5091-04EB-42C6-89AF-5093A5840CE4}.Release|Win32.ActiveCfg = Release|Win32
		{BCCF5091-04EB-42C6-89AF-5093A5840CE4}.Release|Win32.Build.0 = Release|Win32
		{BCCF5091-04EB-42C6-89AF-5093A5840CE4}.VSDebug|Win32.ActiveCfg = VSDebug|Win32
		{BCCF5091-04EB-42C6-89AF-5093A5840CE4}.VSDebug|Win32.Build.0 = VSDebug|Win32
		{3EB0A8DE-35FF-4C97-A8E8-495ABA8EC3C7}.Release|Win32.ActiveCfg = Release|Win32
		{3EB0A8DE-35FF-4C97-A8E8-495ABA8EC3C7}.Release|Win32.Build.0 = Release|Win32
		{3EB0A8DE-35FF-4C97-A8E8-495ABA8EC3C7}.VSDebug|Win32.ActiveCfg = VSDebug|Win32
		{3EB0A8DE-35FF-4C97-A8E8-495ABA8EC3C7}.VSDebug|Win32.Build.0 = VSDebug|Win32
		{282F5071-5136-4E9E-81AD-7035FBD8F857}.Release|Win32.ActiveCfg = Release|Win32
		{282F5071-5136-4E9E-81AD-7035FBD8F857}.Release|Win32.Build.0 = Release|Win32
		{282F5071-5136-4E9E-81AD-7035FBD8F857}.VSDebug|Win32.ActiveCfg = VSDebug|Win32
		{282F5071-5136-4E9E-81AD-7035FBD8F857}.VSDebug|Win32.Build.0 = VSDebug|Win32
		{45BB17E5-5FF2-445C-AB7C-40AB24C76955}.Release|Win32.ActiveCfg = Release|Win32
		{45BB17E5-5FF2-445C-AB7C-40AB24C76955}.Release|Win32.Build.0 = Release|Win32
		{45BB17E5-5FF2-445C-AB7C-40AB24C76955}.VSDebug|Win32.ActiveCfg = VSDebug|Win32
		{45BB17E5-5FF2-445C-AB7C-40AB24C76955}.VSDebug|Win32.Build.0 = VSDebug|Win32
		{CEDF8919-00B2-4D8A-88CC-84ADB2D2FF89}.Release|Win32.ActiveCfg = Release|Win32
		{CEDF8919-00B2-4D8A-88CC-84ADB2D2FF89}.Release|Win32.Build.0 = Release|Win32
		{CEDF8919-00B2-4D8A-88CC-84ADB2D2FF89}.VSDebug|Win32.ActiveCfg = VSDebug|Win32
		{CEDF8919-00B2-4D8A-88CC-84ADB2D2FF89}.VSDebug|Win32.Build.0 = VSDebug|Win32
		{41CFAFBF-A1C8-4704-AFEF-31979E6452B9}.Release|Win32.ActiveCfg = Release|Win32
		{41CFAFBF-A1C8-4704-AFEF-31979E6452B9}.Release|Win32.Build.0 = Release|Win32
		{41CFAFBF-A1C8-4704-AFEF-31979E6452B9}.VSDebug|Win32.ActiveCfg = VSDebug|Win32
		{41CFAFBF-A1C8-4704-AFEF-31979E6452B9}.VSDebug|Win32.Build.0 = VSDebug|Win32
		{A7545354-5D50-49F6-A3D0-1F97F6228955}.Release|Win32.ActiveCfg = Release|Win32
		{A7545354-5D50-49F6-A3D0-1F97F6228955}.Release|Win32.Build.0 = Release|Win32
		{A7545354-5D50-49F6-A3D0-1F97F6228955}.VSDebug|Win32.ActiveCfg = VSDebug|Win32
		{A7545354-5D50-49F6-A3D0-1F97F6228955}.VSDebug|Win32.Build.0 = VSDebug|Win32
		{91A40238-86E3-44BA-8CFE-8410F4EE492C}.Release|Win32.ActiveCfg = Release|Win32
		{91A40238-86E3-44BA-8CFE-8410F4EE492C}.Release|Win32.Build.0 = Release|Win32
		{91A40238-86E3-44BA-8CFE-8410F4EE492C}.VSDebug|Win32.ActiveCfg = VSDebug|Win32
		{91A40238-86E3-44BA-8CFE-8410F4EE492C}.VSDebug|Win32.Build.0 = VSDebug|Win32
		{E2E45353-D420-4921-A2CF-59D9047262F8}.Release|Win32.ActiveCfg = Release|Win32
		{E2E45353-D420-4921-A2CF-59D9047262F8}.Release|Win32.Build.0 = Release|Win32
		{E2E45353-D420-4921-A2CF-59D9047262F8}.VSDebug|Win32.ActiveCfg = VSDebug|Win32
		{E2E45353-D420-4921-A2CF-59D9047262F8}.VSDebug|Win32.Build.0 = VSDebug|Win32
		{4C93BDD3-1804-47F3-9B34-F2DE0CAE1AE0}.Release|Win32.ActiveCfg = Release|Win32
		{4C93BDD3-1804-47F3-9B34-F2DE0CAE1AE0}.Release|Win32.Build.0 = Release|Win32
		{4C93BDD3-1804-47F3-9B34-F2DE0CAE1AE0}.VSDebug|Win32.ActiveCfg = VSDebug|Win32
		{4C93BDD3-1804-47F3-9B34-F2DE0CAE1AE0}.VSDebug|Win32.Build.0 = VSDebug|Win32
		{8AFAA2C6-E025-4B45-B96F-A27D04C6115A}.Release|Win32.ActiveCfg = Release|Win32
		{8AFAA2C6-E025-4B45-B96F-A27D04C6115A}.Release|Win32.Build.0 = Release|Win32
		{8AFAA2C6-E025-4B45-B96F-A27D04C6115A}.VSDebug|Win32.ActiveCfg = VSDebug|Win32
		{8AFAA2C6-E025-4B45-B96F-A27D04C6115A}.VSDebug|Win32.Build.0 = VSDebug|Win32
		{3FFB9C05-1145-45A7-9ADE-5C8D70FBD7CA}.Release|Win32.ActiveCfg = Release|Win32
		{3FFB9C05-1145-45A7-9ADE-5C8D70FBD7CA}.Release|Win32.Build.0 = Release|Win32
		{3FFB9C05-1145-45A7-9ADE-5C8D70FBD7CA}.VSDebug|Win32.ActiveCfg = VSDebug|Win32
		{3FFB9C05-1145-45A7-9ADE-5C8D70FBD7CA}.VSDebug|Win32.Build.0 = VSDebug|Win32
		{BC27FF34-C859-4A1A-95D6-FC89952E1910}.Release|Win32.ActiveCfg = Release|Win32
		{BC27FF34-C859-4A1A-95D6-FC89952E1910}.Release|Win32.Build.0 = Release|Win32
		{BC27FF34-C859-4A1A-95D6-FC89952E1910}.VSDebug|Win32.ActiveCfg = VSDebug|Win32
		{BC27FF34-C859-4A1A-95D6-FC89952E1910}.VSDebug|Win32.Build.0 = VSDebug|Win32
		{E221DB4C-B254-47CB-993D-DC7FED580DA1}.Release|Win32.ActiveCfg = Release|Win32
		{E221DB4C-B254-47CB-993D-DC7FED580DA1}.Release|Win32.Build.0 = Release|Win32
		{E221DB4C-B254-47CB-993D-DC7FED580DA1}.VSDebug|Win32.ActiveCfg = VSDebug|Win32
		{E221DB4C-B254-47CB-993D-DC7FED580DA1}.VSDebug|Win32.Build.0 = VSDebug|Win32
		{BD3A95FA-A3DE-4B79-A889-A7E5ECA4B69C}.Release|Win32.ActiveCfg = Release|Win32
		{BD3A95FA-A3DE-4B79-A889-A7E5ECA4B69C}.Release|Win32.Build.0 = Release|Win32
		{BD3A95FA-A3DE-4B79-A889-A7E5ECA4B69C}.VSDebug|Win32.ActiveCfg = VSDebug|Win32
		{BD3A95FA-A3DE-4B79-A889-A7E5ECA4B69C}.VSDebug|Win32.Build.0 = VSDebug|Win32
		{5304AD69-D449-4589-B2C9-E4607E56A51D}.Release|Win32.ActiveCfg = Release|Win32
		{5304AD69-D449-4589-B2C9-E4607E56A51D}.Release|Win32.Build.0 = Release|Win32
		{5304AD69-D449-4589-B2C9-E4607E56A51D}.VSDebug|Win32.ActiveCfg = VSDebug|Win32
		{5304AD69-D449-4589-B2C9-E4607E56A51D}.VSDebug|Win32.Build.0 = VSDebug|Win32
		{F94DCC2D-2B49-453E-89B3-FD81992677D0}.Release|Win32.ActiveCfg = Release|Win32
		{F94DCC2D-2B49-453E-89B3-FD81992677D0}.Release|Win32.Build.0 = Release|Win32
		{F94DCC2D-2B49-453E-89B3-FD81992677D0}.VSDebug|Win32.ActiveCfg = VSDebug|Win32
		{F94DCC2D-2B49-453E-89B3-FD81992677D0}.VSDebug|Win32.Build.0 = VSDebug|Win32
		{B9332DC8-7594-47DF-80C1-38922E0F4DFB}.Release|Win32.ActiveCfg = Release|Win32
		{B9332DC8-7594-47DF-80C1-38922E0F4DFB}.Release|Win32.Build.0 = Release|Win32
		{B9332DC8-7594-47DF-80C1-38922E0F4DFB}.VSDebug|Win32.ActiveCfg = VSDebug|Win32
		{B9332DC8-7594-47DF-80C1-38922E0F4DFB}.VSDebug|Win32.Build.0 = VSDebug|Win32
		{B86FB73A-4ACC-42DE-9545-586D93955B06}.Release|Win32.ActiveCfg = Release|Win32
		{B86FB73A-4ACC-42DE-9545-586D93955B06}.Release|Win32.Build.0 = Release|Win32
		{B86FB73A-4ACC-42DE-9545-586D93955B06}.VSDebug|Win32.ActiveCfg = VSDebug|Win32
		{B86FB73A-4ACC-42DE-9545-586D93955B06}.VSDebug|Win32.Build.0 = VSDebug|Win32
		{C8B8ED4C-F4F8-4602-B7B8-62A1F1BF6772}.Release|Win32.ActiveCfg = Release|Win32
		{C8B8ED4C-F4F8-4602-B7B8-62A1F1BF6772}.Release|Win32.Build.0 = Release|Win32
		{C8B8ED4C-F4F8-4602-B7B8-62A1F1BF6772}.VSDebug|Win32.ActiveCfg = VSDebug|Win32
		{C8B8ED4C-F4F8-4602-B7B8-62A1F1BF6772}.VSDebug|Win32.Build.0 = VSDebug|Win32
	EndGlobalSection
	GlobalSection(SolutionProperties) = preSolution
		HideSolutionNode = FALSE
	EndGlobalSection
	GlobalSection(ExtensibilityGlobals) = postSolution
		SolutionGuid = {0A37ED7D-0010-4E56-94D7-4F881D209178}
	EndGlobalSection
EndGlobal
